// !$*UTF8*$!
{
	archiveVersion = 1;
	classes = {
	};
	objectVersion = 50;
	objects = {

/* Begin PBXBuildFile section */
		8BB0D83E2712C84500115162 /* AppDelegate.swift in Sources */ = {isa = PBXBuildFile; fileRef = 8BB0D83D2712C84500115162 /* AppDelegate.swift */; };
		8BB0D8402712C84500115162 /* SceneDelegate.swift in Sources */ = {isa = PBXBuildFile; fileRef = 8BB0D83F2712C84500115162 /* SceneDelegate.swift */; };
		8BB0D8422712C84500115162 /* ViewController.swift in Sources */ = {isa = PBXBuildFile; fileRef = 8BB0D8412712C84500115162 /* ViewController.swift */; };
		8BB0D8452712C84500115162 /* Main.storyboard in Resources */ = {isa = PBXBuildFile; fileRef = 8BB0D8432712C84500115162 /* Main.storyboard */; };
		8BB0D8472712C84A00115162 /* Assets.xcassets in Resources */ = {isa = PBXBuildFile; fileRef = 8BB0D8462712C84A00115162 /* Assets.xcassets */; };
		8BB0D84A2712C84A00115162 /* LaunchScreen.storyboard in Resources */ = {isa = PBXBuildFile; fileRef = 8BB0D8482712C84A00115162 /* LaunchScreen.storyboard */; };
		8BB0D8552712C84A00115162 /* FishAppTests.swift in Sources */ = {isa = PBXBuildFile; fileRef = 8BB0D8542712C84A00115162 /* FishAppTests.swift */; };
		8BB0D8602712C84A00115162 /* FishAppUITests.swift in Sources */ = {isa = PBXBuildFile; fileRef = 8BB0D85F2712C84A00115162 /* FishAppUITests.swift */; };
/* End PBXBuildFile section */

/* Begin PBXContainerItemProxy section */
		8BB0D8512712C84A00115162 /* PBXContainerItemProxy */ = {
			isa = PBXContainerItemProxy;
			containerPortal = 8BB0D8322712C84500115162 /* Project object */;
			proxyType = 1;
			remoteGlobalIDString = 8BB0D8392712C84500115162;
			remoteInfo = FishApp;
		};
		8BB0D85C2712C84A00115162 /* PBXContainerItemProxy */ = {
			isa = PBXContainerItemProxy;
			containerPortal = 8BB0D8322712C84500115162 /* Project object */;
			proxyType = 1;
			remoteGlobalIDString = 8BB0D8392712C84500115162;
			remoteInfo = FishApp;
		};
/* End PBXContainerItemProxy section */

/* Begin PBXFileReference section */
		8BB0D83A2712C84500115162 /* FishApp.app */ = {isa = PBXFileReference; explicitFileType = wrapper.application; includeInIndex = 0; path = FishApp.app; sourceTree = BUILT_PRODUCTS_DIR; };
		8BB0D83D2712C84500115162 /* AppDelegate.swift */ = {isa = PBXFileReference; lastKnownFileType = sourcecode.swift; path = AppDelegate.swift; sourceTree = "<group>"; };
		8BB0D83F2712C84500115162 /* SceneDelegate.swift */ = {isa = PBXFileReference; lastKnownFileType = sourcecode.swift; path = SceneDelegate.swift; sourceTree = "<group>"; };
		8BB0D8412712C84500115162 /* ViewController.swift */ = {isa = PBXFileReference; lastKnownFileType = sourcecode.swift; path = ViewController.swift; sourceTree = "<group>"; };
		8BB0D8442712C84500115162 /* Base */ = {isa = PBXFileReference; lastKnownFileType = file.storyboard; name = Base; path = Base.lproj/Main.storyboard; sourceTree = "<group>"; };
		8BB0D8462712C84A00115162 /* Assets.xcassets */ = {isa = PBXFileReference; lastKnownFileType = folder.assetcatalog; path = Assets.xcassets; sourceTree = "<group>"; };
		8BB0D8492712C84A00115162 /* Base */ = {isa = PBXFileReference; lastKnownFileType = file.storyboard; name = Base; path = Base.lproj/LaunchScreen.storyboard; sourceTree = "<group>"; };
		8BB0D84B2712C84A00115162 /* Info.plist */ = {isa = PBXFileReference; lastKnownFileType = text.plist.xml; path = Info.plist; sourceTree = "<group>"; };
		8BB0D8502712C84A00115162 /* FishAppTests.xctest */ = {isa = PBXFileReference; explicitFileType = wrapper.cfbundle; includeInIndex = 0; path = FishAppTests.xctest; sourceTree = BUILT_PRODUCTS_DIR; };
		8BB0D8542712C84A00115162 /* FishAppTests.swift */ = {isa = PBXFileReference; lastKnownFileType = sourcecode.swift; path = FishAppTests.swift; sourceTree = "<group>"; };
		8BB0D8562712C84A00115162 /* Info.plist */ = {isa = PBXFileReference; lastKnownFileType = text.plist.xml; path = Info.plist; sourceTree = "<group>"; };
		8BB0D85B2712C84A00115162 /* FishAppUITests.xctest */ = {isa = PBXFileReference; explicitFileType = wrapper.cfbundle; includeInIndex = 0; path = FishAppUITests.xctest; sourceTree = BUILT_PRODUCTS_DIR; };
		8BB0D85F2712C84A00115162 /* FishAppUITests.swift */ = {isa = PBXFileReference; lastKnownFileType = sourcecode.swift; path = FishAppUITests.swift; sourceTree = "<group>"; };
		8BB0D8612712C84A00115162 /* Info.plist */ = {isa = PBXFileReference; lastKnownFileType = text.plist.xml; path = Info.plist; sourceTree = "<group>"; };
/* End PBXFileReference section */

/* Begin PBXFrameworksBuildPhase section */
		8BB0D8372712C84500115162 /* Frameworks */ = {
			isa = PBXFrameworksBuildPhase;
			buildActionMask = 2147483647;
			files = (
			);
			runOnlyForDeploymentPostprocessing = 0;
		};
		8BB0D84D2712C84A00115162 /* Frameworks */ = {
			isa = PBXFrameworksBuildPhase;
			buildActionMask = 2147483647;
			files = (
			);
			runOnlyForDeploymentPostprocessing = 0;
		};
		8BB0D8582712C84A00115162 /* Frameworks */ = {
			isa = PBXFrameworksBuildPhase;
			buildActionMask = 2147483647;
			files = (
			);
			runOnlyForDeploymentPostprocessing = 0;
		};
/* End PBXFrameworksBuildPhase section */

/* Begin PBXGroup section */
		8BB0D8312712C84500115162 = {
			isa = PBXGroup;
			children = (
				8BB0D83C2712C84500115162 /* FishApp */,
				8BB0D8532712C84A00115162 /* FishAppTests */,
				8BB0D85E2712C84A00115162 /* FishAppUITests */,
				8BB0D83B2712C84500115162 /* Products */,
			);
			sourceTree = "<group>";
		};
		8BB0D83B2712C84500115162 /* Products */ = {
			isa = PBXGroup;
			children = (
				8BB0D83A2712C84500115162 /* FishApp.app */,
				8BB0D8502712C84A00115162 /* FishAppTests.xctest */,
				8BB0D85B2712C84A00115162 /* FishAppUITests.xctest */,
			);
			name = Products;
			sourceTree = "<group>";
		};
		8BB0D83C2712C84500115162 /* FishApp */ = {
			isa = PBXGroup;
			children = (
				8BB0D83D2712C84500115162 /* AppDelegate.swift */,
				8BB0D83F2712C84500115162 /* SceneDelegate.swift */,
				8BB0D8412712C84500115162 /* ViewController.swift */,
				8BB0D8432712C84500115162 /* Main.storyboard */,
				8BB0D8462712C84A00115162 /* Assets.xcassets */,
				8BB0D8482712C84A00115162 /* LaunchScreen.storyboard */,
				8BB0D84B2712C84A00115162 /* Info.plist */,
			);
			path = FishApp;
			sourceTree = "<group>";
		};
		8BB0D8532712C84A00115162 /* FishAppTests */ = {
			isa = PBXGroup;
			children = (
				8BB0D8542712C84A00115162 /* FishAppTests.swift */,
				8BB0D8562712C84A00115162 /* Info.plist */,
			);
			path = FishAppTests;
			sourceTree = "<group>";
		};
		8BB0D85E2712C84A00115162 /* FishAppUITests */ = {
			isa = PBXGroup;
			children = (
				8BB0D85F2712C84A00115162 /* FishAppUITests.swift */,
				8BB0D8612712C84A00115162 /* Info.plist */,
			);
			path = FishAppUITests;
			sourceTree = "<group>";
		};
/* End PBXGroup section */

/* Begin PBXNativeTarget section */
		8BB0D8392712C84500115162 /* FishApp */ = {
			isa = PBXNativeTarget;
			buildConfigurationList = 8BB0D8642712C84A00115162 /* Build configuration list for PBXNativeTarget "FishApp" */;
			buildPhases = (
				8BB0D8362712C84500115162 /* Sources */,
				8BB0D8372712C84500115162 /* Frameworks */,
				8BB0D8382712C84500115162 /* Resources */,
			);
			buildRules = (
			);
			dependencies = (
			);
			name = FishApp;
			productName = FishApp;
			productReference = 8BB0D83A2712C84500115162 /* FishApp.app */;
			productType = "com.apple.product-type.application";
		};
		8BB0D84F2712C84A00115162 /* FishAppTests */ = {
			isa = PBXNativeTarget;
			buildConfigurationList = 8BB0D8672712C84A00115162 /* Build configuration list for PBXNativeTarget "FishAppTests" */;
			buildPhases = (
				8BB0D84C2712C84A00115162 /* Sources */,
				8BB0D84D2712C84A00115162 /* Frameworks */,
				8BB0D84E2712C84A00115162 /* Resources */,
			);
			buildRules = (
			);
			dependencies = (
				8BB0D8522712C84A00115162 /* PBXTargetDependency */,
			);
			name = FishAppTests;
			productName = FishAppTests;
			productReference = 8BB0D8502712C84A00115162 /* FishAppTests.xctest */;
			productType = "com.apple.product-type.bundle.unit-test";
		};
		8BB0D85A2712C84A00115162 /* FishAppUITests */ = {
			isa = PBXNativeTarget;
			buildConfigurationList = 8BB0D86A2712C84A00115162 /* Build configuration list for PBXNativeTarget "FishAppUITests" */;
			buildPhases = (
				8BB0D8572712C84A00115162 /* Sources */,
				8BB0D8582712C84A00115162 /* Frameworks */,
				8BB0D8592712C84A00115162 /* Resources */,
			);
			buildRules = (
			);
			dependencies = (
				8BB0D85D2712C84A00115162 /* PBXTargetDependency */,
			);
			name = FishAppUITests;
			productName = FishAppUITests;
			productReference = 8BB0D85B2712C84A00115162 /* FishAppUITests.xctest */;
			productType = "com.apple.product-type.bundle.ui-testing";
		};
/* End PBXNativeTarget section */

/* Begin PBXProject section */
		8BB0D8322712C84500115162 /* Project object */ = {
			isa = PBXProject;
			attributes = {
				LastSwiftUpdateCheck = 1240;
				LastUpgradeCheck = 1240;
				TargetAttributes = {
					8BB0D8392712C84500115162 = {
						CreatedOnToolsVersion = 12.4;
					};
					8BB0D84F2712C84A00115162 = {
						CreatedOnToolsVersion = 12.4;
						TestTargetID = 8BB0D8392712C84500115162;
					};
					8BB0D85A2712C84A00115162 = {
						CreatedOnToolsVersion = 12.4;
						TestTargetID = 8BB0D8392712C84500115162;
					};
				};
			};
			buildConfigurationList = 8BB0D8352712C84500115162 /* Build configuration list for PBXProject "FishApp" */;
			compatibilityVersion = "Xcode 9.3";
			developmentRegion = en;
			hasScannedForEncodings = 0;
			knownRegions = (
				en,
				Base,
			);
			mainGroup = 8BB0D8312712C84500115162;
			productRefGroup = 8BB0D83B2712C84500115162 /* Products */;
			projectDirPath = "";
			projectRoot = "";
			targets = (
				8BB0D8392712C84500115162 /* FishApp */,
				8BB0D84F2712C84A00115162 /* FishAppTests */,
				8BB0D85A2712C84A00115162 /* FishAppUITests */,
			);
		};
/* End PBXProject section */

/* Begin PBXResourcesBuildPhase section */
		8BB0D8382712C84500115162 /* Resources */ = {
			isa = PBXResourcesBuildPhase;
			buildActionMask = 2147483647;
			files = (
				8BB0D84A2712C84A00115162 /* LaunchScreen.storyboard in Resources */,
				8BB0D8472712C84A00115162 /* Assets.xcassets in Resources */,
				8BB0D8452712C84500115162 /* Main.storyboard in Resources */,
			);
			runOnlyForDeploymentPostprocessing = 0;
		};
		8BB0D84E2712C84A00115162 /* Resources */ = {
			isa = PBXResourcesBuildPhase;
			buildActionMask = 2147483647;
			files = (
			);
			runOnlyForDeploymentPostprocessing = 0;
		};
		8BB0D8592712C84A00115162 /* Resources */ = {
			isa = PBXResourcesBuildPhase;
			buildActionMask = 2147483647;
			files = (
			);
			runOnlyForDeploymentPostprocessing = 0;
		};
/* End PBXResourcesBuildPhase section */

/* Begin PBXSourcesBuildPhase section */
		8BB0D8362712C84500115162 /* Sources */ = {
			isa = PBXSourcesBuildPhase;
			buildActionMask = 2147483647;
			files = (
				8BB0D8422712C84500115162 /* ViewController.swift in Sources */,
				8BB0D83E2712C84500115162 /* AppDelegate.swift in Sources */,
				8BB0D8402712C84500115162 /* SceneDelegate.swift in Sources */,
			);
			runOnlyForDeploymentPostprocessing = 0;
		};
		8BB0D84C2712C84A00115162 /* Sources */ = {
			isa = PBXSourcesBuildPhase;
			buildActionMask = 2147483647;
			files = (
				8BB0D8552712C84A00115162 /* FishAppTests.swift in Sources */,
			);
			runOnlyForDeploymentPostprocessing = 0;
		};
		8BB0D8572712C84A00115162 /* Sources */ = {
			isa = PBXSourcesBuildPhase;
			buildActionMask = 2147483647;
			files = (
				8BB0D8602712C84A00115162 /* FishAppUITests.swift in Sources */,
			);
			runOnlyForDeploymentPostprocessing = 0;
		};
/* End PBXSourcesBuildPhase section */

/* Begin PBXTargetDependency section */
		8BB0D8522712C84A00115162 /* PBXTargetDependency */ = {
			isa = PBXTargetDependency;
			target = 8BB0D8392712C84500115162 /* FishApp */;
			targetProxy = 8BB0D8512712C84A00115162 /* PBXContainerItemProxy */;
		};
		8BB0D85D2712C84A00115162 /* PBXTargetDependency */ = {
			isa = PBXTargetDependency;
			target = 8BB0D8392712C84500115162 /* FishApp */;
			targetProxy = 8BB0D85C2712C84A00115162 /* PBXContainerItemProxy */;
		};
/* End PBXTargetDependency section */

/* Begin PBXVariantGroup section */
		8BB0D8432712C84500115162 /* Main.storyboard */ = {
			isa = PBXVariantGroup;
			children = (
				8BB0D8442712C84500115162 /* Base */,
			);
			name = Main.storyboard;
			sourceTree = "<group>";
		};
		8BB0D8482712C84A00115162 /* LaunchScreen.storyboard */ = {
			isa = PBXVariantGroup;
			children = (
				8BB0D8492712C84A00115162 /* Base */,
			);
			name = LaunchScreen.storyboard;
			sourceTree = "<group>";
		};
/* End PBXVariantGroup section */

/* Begin XCBuildConfiguration section */
		8BB0D8622712C84A00115162 /* Debug */ = {
			isa = XCBuildConfiguration;
			buildSettings = {
				ALWAYS_SEARCH_USER_PATHS = NO;
				CLANG_ANALYZER_NONNULL = YES;
				CLANG_ANALYZER_NUMBER_OBJECT_CONVERSION = YES_AGGRESSIVE;
				CLANG_CXX_LANGUAGE_STANDARD = "gnu++14";
				CLANG_CXX_LIBRARY = "libc++";
				CLANG_ENABLE_MODULES = YES;
				CLANG_ENABLE_OBJC_ARC = YES;
				CLANG_ENABLE_OBJC_WEAK = YES;
				CLANG_WARN_BLOCK_CAPTURE_AUTORELEASING = YES;
				CLANG_WARN_BOOL_CONVERSION = YES;
				CLANG_WARN_COMMA = YES;
				CLANG_WARN_CONSTANT_CONVERSION = YES;
				CLANG_WARN_DEPRECATED_OBJC_IMPLEMENTATIONS = YES;
				CLANG_WARN_DIRECT_OBJC_ISA_USAGE = YES_ERROR;
				CLANG_WARN_DOCUMENTATION_COMMENTS = YES;
				CLANG_WARN_EMPTY_BODY = YES;
				CLANG_WARN_ENUM_CONVERSION = YES;
				CLANG_WARN_INFINITE_RECURSION = YES;
				CLANG_WARN_INT_CONVERSION = YES;
				CLANG_WARN_NON_LITERAL_NULL_CONVERSION = YES;
				CLANG_WARN_OBJC_IMPLICIT_RETAIN_SELF = YES;
				CLANG_WARN_OBJC_LITERAL_CONVERSION = YES;
				CLANG_WARN_OBJC_ROOT_CLASS = YES_ERROR;
				CLANG_WARN_QUOTED_INCLUDE_IN_FRAMEWORK_HEADER = YES;
				CLANG_WARN_RANGE_LOOP_ANALYSIS = YES;
				CLANG_WARN_STRICT_PROTOTYPES = YES;
				CLANG_WARN_SUSPICIOUS_MOVE = YES;
				CLANG_WARN_UNGUARDED_AVAILABILITY = YES_AGGRESSIVE;
				CLANG_WARN_UNREACHABLE_CODE = YES;
				CLANG_WARN__DUPLICATE_METHOD_MATCH = YES;
				COPY_PHASE_STRIP = NO;
				DEBUG_INFORMATION_FORMAT = dwarf;
				ENABLE_STRICT_OBJC_MSGSEND = YES;
				ENABLE_TESTABILITY = YES;
				GCC_C_LANGUAGE_STANDARD = gnu11;
				GCC_DYNAMIC_NO_PIC = NO;
				GCC_NO_COMMON_BLOCKS = YES;
				GCC_OPTIMIZATION_LEVEL = 0;
				GCC_PREPROCESSOR_DEFINITIONS = (
					"DEBUG=1",
					"$(inherited)",
				);
				GCC_WARN_64_TO_32_BIT_CONVERSION = YES;
				GCC_WARN_ABOUT_RETURN_TYPE = YES_ERROR;
				GCC_WARN_UNDECLARED_SELECTOR = YES;
				GCC_WARN_UNINITIALIZED_AUTOS = YES_AGGRESSIVE;
				GCC_WARN_UNUSED_FUNCTION = YES;
				GCC_WARN_UNUSED_VARIABLE = YES;
				IPHONEOS_DEPLOYMENT_TARGET = 14.4;
				MTL_ENABLE_DEBUG_INFO = INCLUDE_SOURCE;
				MTL_FAST_MATH = YES;
				ONLY_ACTIVE_ARCH = YES;
				SDKROOT = iphoneos;
				SWIFT_ACTIVE_COMPILATION_CONDITIONS = DEBUG;
				SWIFT_OPTIMIZATION_LEVEL = "-Onone";
			};
			name = Debug;
		};
		8BB0D8632712C84A00115162 /* Release */ = {
			isa = XCBuildConfiguration;
			buildSettings = {
				ALWAYS_SEARCH_USER_PATHS = NO;
				CLANG_ANALYZER_NONNULL = YES;
				CLANG_ANALYZER_NUMBER_OBJECT_CONVERSION = YES_AGGRESSIVE;
				CLANG_CXX_LANGUAGE_STANDARD = "gnu++14";
				CLANG_CXX_LIBRARY = "libc++";
				CLANG_ENABLE_MODULES = YES;
				CLANG_ENABLE_OBJC_ARC = YES;
				CLANG_ENABLE_OBJC_WEAK = YES;
				CLANG_WARN_BLOCK_CAPTURE_AUTORELEASING = YES;
				CLANG_WARN_BOOL_CONVERSION = YES;
				CLANG_WARN_COMMA = YES;
				CLANG_WARN_CONSTANT_CONVERSION = YES;
				CLANG_WARN_DEPRECATED_OBJC_IMPLEMENTATIONS = YES;
				CLANG_WARN_DIRECT_OBJC_ISA_USAGE = YES_ERROR;
				CLANG_WARN_DOCUMENTATION_COMMENTS = YES;
				CLANG_WARN_EMPTY_BODY = YES;
				CLANG_WARN_ENUM_CONVERSION = YES;
				CLANG_WARN_INFINITE_RECURSION = YES;
				CLANG_WARN_INT_CONVERSION = YES;
				CLANG_WARN_NON_LITERAL_NULL_CONVERSION = YES;
				CLANG_WARN_OBJC_IMPLICIT_RETAIN_SELF = YES;
				CLANG_WARN_OBJC_LITERAL_CONVERSION = YES;
				CLANG_WARN_OBJC_ROOT_CLASS = YES_ERROR;
				CLANG_WARN_QUOTED_INCLUDE_IN_FRAMEWORK_HEADER = YES;
				CLANG_WARN_RANGE_LOOP_ANALYSIS = YES;
				CLANG_WARN_STRICT_PROTOTYPES = YES;
				CLANG_WARN_SUSPICIOUS_MOVE = YES;
				CLANG_WARN_UNGUARDED_AVAILABILITY = YES_AGGRESSIVE;
				CLANG_WARN_UNREACHABLE_CODE = YES;
				CLANG_WARN__DUPLICATE_METHOD_MATCH = YES;
				COPY_PHASE_STRIP = NO;
				DEBUG_INFORMATION_FORMAT = "dwarf-with-dsym";
				ENABLE_NS_ASSERTIONS = NO;
				ENABLE_STRICT_OBJC_MSGSEND = YES;
				GCC_C_LANGUAGE_STANDARD = gnu11;
				GCC_NO_COMMON_BLOCKS = YES;
				GCC_WARN_64_TO_32_BIT_CONVERSION = YES;
				GCC_WARN_ABOUT_RETURN_TYPE = YES_ERROR;
				GCC_WARN_UNDECLARED_SELECTOR = YES;
				GCC_WARN_UNINITIALIZED_AUTOS = YES_AGGRESSIVE;
				GCC_WARN_UNUSED_FUNCTION = YES;
				GCC_WARN_UNUSED_VARIABLE = YES;
				IPHONEOS_DEPLOYMENT_TARGET = 14.4;
				MTL_ENABLE_DEBUG_INFO = NO;
				MTL_FAST_MATH = YES;
				SDKROOT = iphoneos;
				SWIFT_COMPILATION_MODE = wholemodule;
				SWIFT_OPTIMIZATION_LEVEL = "-O";
				VALIDATE_PRODUCT = YES;
			};
			name = Release;
		};
		8BB0D8652712C84A00115162 /* Debug */ = {
			isa = XCBuildConfiguration;
			buildSettings = {
				ASSETCATALOG_COMPILER_APPICON_NAME = AppIcon;
				ASSETCATALOG_COMPILER_GLOBAL_ACCENT_COLOR_NAME = AccentColor;
				CODE_SIGN_STYLE = Automatic;
				DEVELOPMENT_TEAM = RN4VPQDMFV;
				INFOPLIST_FILE = FishApp/Info.plist;
				LD_RUNPATH_SEARCH_PATHS = (
					"$(inherited)",
					"@executable_path/Frameworks",
				);
				PRODUCT_BUNDLE_IDENTIFIER = jp.learningdesign.FishApp;
				PRODUCT_NAME = "$(TARGET_NAME)";
				SWIFT_VERSION = 5.0;
				TARGETED_DEVICE_FAMILY = "1,2";
			};
			name = Debug;
		};
		8BB0D8662712C84A00115162 /* Release */ = {
			isa = XCBuildConfiguration;
			buildSettings = {
				ASSETCATALOG_COMPILER_APPICON_NAME = AppIcon;
				ASSETCATALOG_COMPILER_GLOBAL_ACCENT_COLOR_NAME = AccentColor;
				CODE_SIGN_STYLE = Automatic;
				DEVELOPMENT_TEAM = RN4VPQDMFV;
				INFOPLIST_FILE = FishApp/Info.plist;
				LD_RUNPATH_SEARCH_PATHS = (
					"$(inherited)",
					"@executable_path/Frameworks",
				);
				PRODUCT_BUNDLE_IDENTIFIER = jp.learningdesign.FishApp;
				PRODUCT_NAME = "$(TARGET_NAME)";
				SWIFT_VERSION = 5.0;
				TARGETED_DEVICE_FAMILY = "1,2";
			};
			name = Release;
		};
		8BB0D8682712C84A00115162 /* Debug */ = {
			isa = XCBuildConfiguration;
			buildSettings = {
				ALWAYS_EMBED_SWIFT_STANDARD_LIBRARIES = YES;
				BUNDLE_LOADER = "$(TEST_HOST)";
				CODE_SIGN_STYLE = Automatic;
				DEVELOPMENT_TEAM = RN4VPQDMFV;
				INFOPLIST_FILE = FishAppTests/Info.plist;
				IPHONEOS_DEPLOYMENT_TARGET = 14.4;
				LD_RUNPATH_SEARCH_PATHS = (
					"$(inherited)",
					"@executable_path/Frameworks",
					"@loader_path/Frameworks",
				);
				PRODUCT_BUNDLE_IDENTIFIER = jp.learningdesign.FishAppTests;
				PRODUCT_NAME = "$(TARGET_NAME)";
				SWIFT_VERSION = 5.0;
				TARGETED_DEVICE_FAMILY = "1,2";
				TEST_HOST = "$(BUILT_PRODUCTS_DIR)/FishApp.app/FishApp";
			};
			name = Debug;
		};
		8BB0D8692712C84A00115162 /* Release */ = {
			isa = XCBuildConfiguration;
			buildSettings = {
				ALWAYS_EMBED_SWIFT_STANDARD_LIBRARIES = YES;
				BUNDLE_LOADER = "$(TEST_HOST)";
				CODE_SIGN_STYLE = Automatic;
				DEVELOPMENT_TEAM = RN4VPQDMFV;
				INFOPLIST_FILE = FishAppTests/Info.plist;
				IPHONEOS_DEPLOYMENT_TARGET = 14.4;
				LD_RUNPATH_SEARCH_PATHS = (
					"$(inherited)",
					"@executable_path/Frameworks",
					"@loader_path/Frameworks",
				);
				PRODUCT_BUNDLE_IDENTIFIER = jp.learningdesign.FishAppTests;
				PRODUCT_NAME = "$(TARGET_NAME)";
				SWIFT_VERSION = 5.0;
				TARGETED_DEVICE_FAMILY = "1,2";
				TEST_HOST = "$(BUILT_PRODUCTS_DIR)/FishApp.app/FishApp";
			};
			name = Release;
		};
		8BB0D86B2712C84A00115162 /* Debug */ = {
			isa = XCBuildConfiguration;
			buildSettings = {
				ALWAYS_EMBED_SWIFT_STANDARD_LIBRARIES = YES;
				CODE_SIGN_STYLE = Automatic;
				DEVELOPMENT_TEAM = RN4VPQDMFV;
				INFOPLIST_FILE = FishAppUITests/Info.plist;
				LD_RUNPATH_SEARCH_PATHS = (
					"$(inherited)",
					"@executable_path/Frameworks",
					"@loader_path/Frameworks",
				);
				PRODUCT_BUNDLE_IDENTIFIER = jp.learningdesign.FishAppUITests;
				PRODUCT_NAME = "$(TARGET_NAME)";
				SWIFT_VERSION = 5.0;
				TARGETED_DEVICE_FAMILY = "1,2";
				TEST_TARGET_NAME = FishApp;
			};
			name = Debug;
		};
		8BB0D86C2712C84A00115162 /* Release */ = {
			isa = XCBuildConfiguration;
			buildSettings = {
				ALWAYS_EMBED_SWIFT_STANDARD_LIBRARIES = YES;
				CODE_SIGN_STYLE = Automatic;
				DEVELOPMENT_TEAM = RN4VPQDMFV;
				INFOPLIST_FILE = FishAppUITests/Info.plist;
				LD_RUNPATH_SEARCH_PATHS = (
					"$(inherited)",
					"@executable_path/Frameworks",
					"@loader_path/Frameworks",
				);
				PRODUCT_BUNDLE_IDENTIFIER = jp.learningdesign.FishAppUITests;
				PRODUCT_NAME = "$(TARGET_NAME)";
				SWIFT_VERSION = 5.0;
				TARGETED_DEVICE_FAMILY = "1,2";
				TEST_TARGET_NAME = FishApp;
			};
			name = Release;
		};
/* End XCBuildConfiguration section */

/* Begin XCConfigurationList section */
		8BB0D8352712C84500115162 /* Build configuration list for PBXProject "FishApp" */ = {
			isa = XCConfigurationList;
			buildConfigurations = (
				8BB0D8622712C84A00115162 /* Debug */,
				8BB0D8632712C84A00115162 /* Release */,
			);
			defaultConfigurationIsVisible = 0;
			defaultConfigurationName = Release;
		};
		8BB0D8642712C84A00115162 /* Build configuration list for PBXNativeTarget "FishApp" */ = {
			isa = XCConfigurationList;
			buildConfigurations = (
				8BB0D8652712C84A00115162 /* Debug */,
				8BB0D8662712C84A00115162 /* Release */,
			);
			defaultConfigurationIsVisible = 0;
			defaultConfigurationName = Release;
		};
		8BB0D8672712C84A00115162 /* Build configuration list for PBXNativeTarget "FishAppTests" */ = {
			isa = XCConfigurationList;
			buildConfigurations = (
				8BB0D8682712C84A00115162 /* Debug */,
				8BB0D8692712C84A00115162 /* Release */,
			);
			defaultConfigurationIsVisible = 0;
			defaultConfigurationName = Release;
		};
		8BB0D86A2712C84A00115162 /* Build configuration list for PBXNativeTarget "FishAppUITests" */ = {
			isa = XCConfigurationList;
			buildConfigurations = (
				8BB0D86B2712C84A00115162 /* Debug */,
				8BB0D86C2712C84A00115162 /* Release */,
			);
			defaultConfigurationIsVisible = 0;
			defaultConfigurationName = Release;
		};
/* End XCConfigurationList section */
	};
	rootObject = 8BB0D8322712C84500115162 /* Project object */;
}
